
Microsoft Visual Studio Solution File, Format Version 12.00
# Visual Studio Version 16
VisualStudioVersion = 16.0.30011.22
MinimumVisualStudioVersion = 10.0.40219.1
Project("{FAE04EC0-301F-11D3-BF4B-00C04F79EFBC}") = "Dentaku", "Dentaku\Dentaku.csproj", "{522BBCA1-78B5-46CC-BD8E-4FA8601B8B13}"
EndProject
Project("{FAE04EC0-301F-11D3-BF4B-00C04F79EFBC}") = "DentakuModel", "DentakuModel\DentakuModel.csproj", "{DA3158AA-7A45-4FAD-A895-4AFB6212C413}"
EndProject
Global
	GlobalSection(SolutionConfigurationPlatforms) = preSolution
		Debug|Any CPU = Debug|Any CPU
		Release|Any CPU = Release|Any CPU
	EndGlobalSection
	GlobalSection(ProjectConfigurationPlatforms) = postSolution
		{522BBCA1-78B5-46CC-BD8E-4FA8601B8B13}.Debug|Any CPU.ActiveCfg = Debug|Any CPU
		{522BBCA1-78B5-46CC-BD8E-4FA8601B8B13}.Debug|Any CPU.Build.0 = Debug|Any CPU
		{522BBCA1-78B5-46CC-BD8E-4FA8601B8B13}.Release|Any CPU.ActiveCfg = Release|Any CPU
		{522BBCA1-78B5-46CC-BD8E-4FA8601B8B13}.Release|Any CPU.Build.0 = Release|Any CPU
		{DA3158AA-7A45-4FAD-A895-4AFB6212C413}.Debug|Any CPU.ActiveCfg = Debug|Any CPU
		{DA3158AA-7A45-4FAD-A895-4AFB6212C413}.Debug|Any CPU.Build.0 = Debug|Any CPU
		{DA3158AA-7A45-4FAD-A895-4AFB6212C413}.Release|Any CPU.ActiveCfg = Release|Any CPU
		{DA3158AA-7A45-4FAD-A895-4AFB6212C413}.Release|Any CPU.Build.0 = Release|Any CPU
	EndGlobalSection
	GlobalSection(SolutionProperties) = preSolution
		HideSolutionNode = FALSE
	EndGlobalSection
	GlobalSection(ExtensibilityGlobals) = postSolution
		SolutionGuid = {B0EB40F1-182E-4FF6-91FE-A876915E799B}
	EndGlobalSection
EndGlobal
